
Microsoft Visual Studio Solution File, Format Version 12.00
# Visual Studio Version 17
VisualStudioVersion = 17.7.34202.233
MinimumVisualStudioVersion = 10.0.40219.1
Project("{FAE04EC0-301F-11D3-BF4B-00C04F79EFBC}") = "KB12063_WpfApp1", "KB12063_WpfApp1\KB12063_WpfApp1.csproj", "{7AA16AA2-4764-41EC-AE90-4AE2DA6E4413}"
EndProject
Global
	GlobalSection(SolutionConfigurationPlatforms) = preSolution
		Debug|Any CPU = Debug|Any CPU
		Release|Any CPU = Release|Any CPU
	EndGlobalSection
	GlobalSection(ProjectConfigurationPlatforms) = postSolution
		{7AA16AA2-4764-41EC-AE90-4AE2DA6E4413}.Debug|Any CPU.ActiveCfg = Debug|Any CPU
		{7AA16AA2-4764-41EC-AE90-4AE2DA6E4413}.Debug|Any CPU.Build.0 = Debug|Any CPU
		{7AA16AA2-4764-41EC-AE90-4AE2DA6E4413}.Release|Any CPU.ActiveCfg = Release|Any CPU
		{7AA16AA2-4764-41EC-AE90-4AE2DA6E4413}.Release|Any CPU.Build.0 = Release|Any CPU
	EndGlobalSection
	GlobalSection(SolutionProperties) = preSolution
		HideSolutionNode = FALSE
	EndGlobalSection
	GlobalSection(ExtensibilityGlobals) = postSolution
		SolutionGuid = {174D6039-32AF-4F20-AF6F-395CB85EF371}
	EndGlobalSection
EndGlobal
